<?xml version="1.0" encoding="utf-8"?>
<Project ToolsVersion="4.0" xmlns="http://schemas.microsoft.com/developer/msbuild/2003">
  <ItemGroup>
    <Filter Include="Core">
      <UniqueIdentifier>{b57ad6c8-3965-413a-b402-e891bda36c17}</UniqueIdentifier>
    </Filter>
    <Filter Include="Optional">
      <UniqueIdentifier>{72c2e24e-897d-4575-a77b-6560f41739ec}</UniqueIdentifier>
    </Filter>
  </ItemGroup>
  <ItemGroup>
    <ClCompile Include="..\..\src\dxut\Core\DXUT.cpp">
      <Filter>Core</Filter>
    </ClCompile>
    <ClCompile Include="..\..\src\dxut\Core\DXUTenum.cpp">
      <Filter>Core</Filter>
    </ClCompile>
    <ClCompile Include="..\..\src\dxut\Core\DXUTmisc.cpp">
      <Filter>Core</Filter>
    </ClCompile>
    <ClCompile Include="..\..\src\dxut\Optional\DXUTcamera.cpp">
      <Filter>Optional</Filter>
    </ClCompile>
    <ClCompile Include="..\..\src\dxut\Optional\DXUTgui.cpp">
      <Filter>Optional</Filter>
    </ClCompile>
    <ClCompile Include="..\..\src\dxut\Optional\DXUTguiIME.cpp">
      <Filter>Optional</Filter>
    </ClCompile>
    <ClCompile Include="..\..\src\dxut\Optional\DXUTres.cpp">
      <Filter>Optional</Filter>
    </ClCompile>
    <ClCompile Include="..\..\src\dxut\Optional\DXUTsettingsdlg.cpp">
      <Filter>Optional</Filter>
    </ClCompile>
    <ClCompile Include="..\..\src\dxut\Optional\DXUTShapes.cpp">
      <Filter>Optional</Filter>
    </ClCompile>
    <ClCompile Include="..\..\src\dxut\Optional\ImeUi.cpp">
      <Filter>Optional</Filter>
    </ClCompile>
    <ClCompile Include="..\..\src\dxut\Optional\SDKmesh.cpp">
      <Filter>Optional</Filter>
    </ClCompile>
    <ClCompile Include="..\..\src\dxut\Optional\SDKmisc.cpp">
      <Filter>Optional</Filter>
    </ClCompile>
    <ClCompile Include="..\..\src\dxut\Optional\SDKsound.cpp">
      <Filter>Optional</Filter>
    </ClCompile>
    <ClCompile Include="..\..\src\dxut\Optional\SDKwavefile.cpp">
      <Filter>Optional</Filter>
    </ClCompile>
  </ItemGroup>
  <ItemGroup>
    <ClInclude Include="..\..\src\dxut\Core\DXUT.h">
      <Filter>Core</Filter>
    </ClInclude>
    <ClInclude Include="..\..\src\dxut\Core\DXUTenum.h">
      <Filter>Core</Filter>
    </ClInclude>
    <ClInclude Include="..\..\src\dxut\Core\DXUTmisc.h">
      <Filter>Core</Filter>
    </ClInclude>
    <ClInclude Include="..\..\src\dxut\Optional\DXUTcamera.h">
      <Filter>Optional</Filter>
    </ClInclude>
    <ClInclude Include="..\..\src\dxut\Optional\DXUTgui.h">
      <Filter>Optional</Filter>
    </ClInclude>
    <ClInclude Include="..\..\src\dxut\Optional\DXUTguiIME.h">
      <Filter>Optional</Filter>
    </ClInclude>
    <ClInclude Include="..\..\src\dxut\Optional\DXUTLockFreePipe.h">
      <Filter>Optional</Filter>
    </ClInclude>
    <ClInclude Include="..\..\src\dxut\Optional\DXUTres.h">
      <Filter>Optional</Filter>
    </ClInclude>
    <ClInclude Include="..\..\src\dxut\Optional\DXUTsettingsdlg.h">
      <Filter>Optional</Filter>
    </ClInclude>
    <ClInclude Include="..\..\src\dxut\Optional\DXUTShapes.h">
      <Filter>Optional</Filter>
    </ClInclude>
    <ClInclude Include="..\..\src\dxut\Optional\ImeUi.h">
      <Filter>Optional</Filter>
    </ClInclude>
    <ClInclude Include="..\..\src\dxut\Optional\SDKmesh.h">
      <Filter>Optional</Filter>
    </ClInclude>
    <ClInclude Include="..\..\src\dxut\Optional\SDKmisc.h">
      <Filter>Optional</Filter>
    </ClInclude>
    <ClInclude Include="..\..\src\dxut\Optional\SDKsound.h">
      <Filter>Optional</Filter>
    </ClInclude>
    <ClInclude Include="..\..\src\dxut\Optional\SDKwavefile.h">
      <Filter>Optional</Filter>
    </ClInclude>
  </ItemGroup>
</Project>