
Microsoft Visual Studio Solution File, Format Version 12.00
# Visual Studio 2012
Project("{8BC9CEB8-8B4A-11D0-8D11-00A0C91BC942}") = "dxut", "libs\dxut.vcxproj", "{E1A5AEFC-0D8B-470C-ADD3-172964A036CE}"
EndProject
Project("{2150E333-8FDC-42A3-9474-1A3956D46DE8}") = "libs", "libs", "{C8928A5C-0887-4931-A17D-01F3BD44B189}"
EndProject
Project("{2150E333-8FDC-42A3-9474-1A3956D46DE8}") = "samples", "samples", "{478F270B-801F-4864-9BD2-C36D315AB6D1}"
EndProject
Project("{8BC9CEB8-8B4A-11D0-8D11-00A0C91BC942}") = "Instancing", "samples\Instancing.vcxproj", "{F1D69A93-DEFA-43D1-9894-DFF92D064063}"
EndProject
Global
	GlobalSection(SolutionConfigurationPlatforms) = preSolution
		Debug|Win32 = Debug|Win32
		Release|Win32 = Release|Win32
	EndGlobalSection
	GlobalSection(ProjectConfigurationPlatforms) = postSolution
		{E1A5AEFC-0D8B-470C-ADD3-172964A036CE}.Debug|Win32.ActiveCfg = Debug|Win32
		{E1A5AEFC-0D8B-470C-ADD3-172964A036CE}.Debug|Win32.Build.0 = Debug|Win32
		{E1A5AEFC-0D8B-470C-ADD3-172964A036CE}.Release|Win32.ActiveCfg = Release|Win32
		{E1A5AEFC-0D8B-470C-ADD3-172964A036CE}.Release|Win32.Build.0 = Release|Win32
		{F1D69A93-DEFA-43D1-9894-DFF92D064063}.Debug|Win32.ActiveCfg = Debug|Win32
		{F1D69A93-DEFA-43D1-9894-DFF92D064063}.Debug|Win32.Build.0 = Debug|Win32
		{F1D69A93-DEFA-43D1-9894-DFF92D064063}.Release|Win32.ActiveCfg = Release|Win32
		{F1D69A93-DEFA-43D1-9894-DFF92D064063}.Release|Win32.Build.0 = Release|Win32
	EndGlobalSection
	GlobalSection(SolutionProperties) = preSolution
		HideSolutionNode = FALSE
	EndGlobalSection
	GlobalSection(NestedProjects) = preSolution
		{E1A5AEFC-0D8B-470C-ADD3-172964A036CE} = {C8928A5C-0887-4931-A17D-01F3BD44B189}
		{F1D69A93-DEFA-43D1-9894-DFF92D064063} = {478F270B-801F-4864-9BD2-C36D315AB6D1}
	EndGlobalSection
EndGlobal
